// !$*UTF8*$!
{
	archiveVersion = 1;
	classes = {
	};
	objectVersion = 55;
	objects = {

/* Begin PBXBuildFile section */
		1389CD7C28243E18006E0FAF /* LogadoView.swift in Sources */ = {isa = PBXBuildFile; fileRef = 1389CD7B28243E18006E0FAF /* LogadoView.swift */; };
		1389CD812824438D006E0FAF /* RegisterView.swift in Sources */ = {isa = PBXBuildFile; fileRef = 1389CD802824438D006E0FAF /* RegisterView.swift */; };
		1389CD8428244824006E0FAF /* CustomCardCell.swift in Sources */ = {isa = PBXBuildFile; fileRef = 1389CD8228244824006E0FAF /* CustomCardCell.swift */; };
		1389CD8528244824006E0FAF /* CustomCardCell.xib in Resources */ = {isa = PBXBuildFile; fileRef = 1389CD8328244824006E0FAF /* CustomCardCell.xib */; };
		1389CD8828244E1D006E0FAF /* RegisterController.swift in Sources */ = {isa = PBXBuildFile; fileRef = 1389CD8728244E1D006E0FAF /* RegisterController.swift */; };
		1389CD8A28244E30006E0FAF /* RegisterModel.swift in Sources */ = {isa = PBXBuildFile; fileRef = 1389CD8928244E30006E0FAF /* RegisterModel.swift */; };
		13BC7A9A282436F7007FD03D /* AppDelegate.swift in Sources */ = {isa = PBXBuildFile; fileRef = 13BC7A99282436F7007FD03D /* AppDelegate.swift */; };
		13BC7A9C282436F7007FD03D /* SceneDelegate.swift in Sources */ = {isa = PBXBuildFile; fileRef = 13BC7A9B282436F7007FD03D /* SceneDelegate.swift */; };
		13BC7A9E282436F7007FD03D /* HomeView.swift in Sources */ = {isa = PBXBuildFile; fileRef = 13BC7A9D282436F7007FD03D /* HomeView.swift */; };
		13BC7AA1282436F7007FD03D /* Main.storyboard in Resources */ = {isa = PBXBuildFile; fileRef = 13BC7A9F282436F7007FD03D /* Main.storyboard */; };
		13BC7AA3282436F8007FD03D /* Assets.xcassets in Resources */ = {isa = PBXBuildFile; fileRef = 13BC7AA2282436F8007FD03D /* Assets.xcassets */; };
		13BC7AA6282436F8007FD03D /* LaunchScreen.storyboard in Resources */ = {isa = PBXBuildFile; fileRef = 13BC7AA4282436F8007FD03D /* LaunchScreen.storyboard */; };
		13BC7AB428243829007FD03D /* HomeController.swift in Sources */ = {isa = PBXBuildFile; fileRef = 13BC7AB328243829007FD03D /* HomeController.swift */; };
		13BC7AB72824384E007FD03D /* HomeModel.swift in Sources */ = {isa = PBXBuildFile; fileRef = 13BC7AB62824384E007FD03D /* HomeModel.swift */; };
/* End PBXBuildFile section */

/* Begin PBXFileReference section */
		1389CD7B28243E18006E0FAF /* LogadoView.swift */ = {isa = PBXFileReference; lastKnownFileType = sourcecode.swift; path = LogadoView.swift; sourceTree = "<group>"; };
		1389CD802824438D006E0FAF /* RegisterView.swift */ = {isa = PBXFileReference; lastKnownFileType = sourcecode.swift; path = RegisterView.swift; sourceTree = "<group>"; };
		1389CD8228244824006E0FAF /* CustomCardCell.swift */ = {isa = PBXFileReference; lastKnownFileType = sourcecode.swift; path = CustomCardCell.swift; sourceTree = "<group>"; };
		1389CD8328244824006E0FAF /* CustomCardCell.xib */ = {isa = PBXFileReference; lastKnownFileType = file.xib; path = CustomCardCell.xib; sourceTree = "<group>"; };
		1389CD8728244E1D006E0FAF /* RegisterController.swift */ = {isa = PBXFileReference; lastKnownFileType = sourcecode.swift; path = RegisterController.swift; sourceTree = "<group>"; };
		1389CD8928244E30006E0FAF /* RegisterModel.swift */ = {isa = PBXFileReference; lastKnownFileType = sourcecode.swift; path = RegisterModel.swift; sourceTree = "<group>"; };
		13BC7A96282436F7007FD03D /* TelaLoginCorrigida.app */ = {isa = PBXFileReference; explicitFileType = wrapper.application; includeInIndex = 0; path = TelaLoginCorrigida.app; sourceTree = BUILT_PRODUCTS_DIR; };
		13BC7A99282436F7007FD03D /* AppDelegate.swift */ = {isa = PBXFileReference; lastKnownFileType = sourcecode.swift; path = AppDelegate.swift; sourceTree = "<group>"; };
		13BC7A9B282436F7007FD03D /* SceneDelegate.swift */ = {isa = PBXFileReference; lastKnownFileType = sourcecode.swift; path = SceneDelegate.swift; sourceTree = "<group>"; };
		13BC7A9D282436F7007FD03D /* HomeView.swift */ = {isa = PBXFileReference; lastKnownFileType = sourcecode.swift; path = HomeView.swift; sourceTree = "<group>"; };
		13BC7AA0282436F7007FD03D /* Base */ = {isa = PBXFileReference; lastKnownFileType = file.storyboard; name = Base; path = Base.lproj/Main.storyboard; sourceTree = "<group>"; };
		13BC7AA2282436F8007FD03D /* Assets.xcassets */ = {isa = PBXFileReference; lastKnownFileType = folder.assetcatalog; path = Assets.xcassets; sourceTree = "<group>"; };
		13BC7AA5282436F8007FD03D /* Base */ = {isa = PBXFileReference; lastKnownFileType = file.storyboard; name = Base; path = Base.lproj/LaunchScreen.storyboard; sourceTree = "<group>"; };
		13BC7AA7282436F8007FD03D /* Info.plist */ = {isa = PBXFileReference; lastKnownFileType = text.plist.xml; path = Info.plist; sourceTree = "<group>"; };
		13BC7AB328243829007FD03D /* HomeController.swift */ = {isa = PBXFileReference; lastKnownFileType = sourcecode.swift; path = HomeController.swift; sourceTree = "<group>"; };
		13BC7AB62824384E007FD03D /* HomeModel.swift */ = {isa = PBXFileReference; lastKnownFileType = sourcecode.swift; path = HomeModel.swift; sourceTree = "<group>"; };
/* End PBXFileReference section */

/* Begin PBXFrameworksBuildPhase section */
		13BC7A93282436F7007FD03D /* Frameworks */ = {
			isa = PBXFrameworksBuildPhase;
			buildActionMask = 2147483647;
			files = (
			);
			runOnlyForDeploymentPostprocessing = 0;
		};
/* End PBXFrameworksBuildPhase section */

/* Begin PBXGroup section */
		1389CD7828243DC4006E0FAF /* Model */ = {
			isa = PBXGroup;
			children = (
			);
			path = Model;
			sourceTree = "<group>";
		};
		1389CD7928243DCC006E0FAF /* View */ = {
			isa = PBXGroup;
			children = (
				1389CD7B28243E18006E0FAF /* LogadoView.swift */,
			);
			path = View;
			sourceTree = "<group>";
		};
		1389CD7A28243DD4006E0FAF /* Controller */ = {
			isa = PBXGroup;
			children = (
			);
			path = Controller;
			sourceTree = "<group>";
		};
		1389CD7D2824434E006E0FAF /* Controller */ = {
			isa = PBXGroup;
			children = (
				1389CD8728244E1D006E0FAF /* RegisterController.swift */,
			);
			path = Controller;
			sourceTree = "<group>";
		};
		1389CD7E28244358006E0FAF /* View */ = {
			isa = PBXGroup;
			children = (
				1389CD802824438D006E0FAF /* RegisterView.swift */,
			);
			path = View;
			sourceTree = "<group>";
		};
		1389CD7F2824435F006E0FAF /* Model */ = {
			isa = PBXGroup;
			children = (
				1389CD8928244E30006E0FAF /* RegisterModel.swift */,
			);
			path = Model;
			sourceTree = "<group>";
		};
		1389CD862824483B006E0FAF /* Cell */ = {
			isa = PBXGroup;
			children = (
				1389CD8228244824006E0FAF /* CustomCardCell.swift */,
				1389CD8328244824006E0FAF /* CustomCardCell.xib */,
			);
			path = Cell;
			sourceTree = "<group>";
		};
		13BC7A8D282436F7007FD03D = {
			isa = PBXGroup;
			children = (
				13BC7A98282436F7007FD03D /* TelaLoginCorrigida */,
				13BC7A97282436F7007FD03D /* Products */,
			);
			sourceTree = "<group>";
		};
		13BC7A97282436F7007FD03D /* Products */ = {
			isa = PBXGroup;
			children = (
				13BC7A96282436F7007FD03D /* TelaLoginCorrigida.app */,
			);
			name = Products;
			sourceTree = "<group>";
		};
		13BC7A98282436F7007FD03D /* TelaLoginCorrigida */ = {
			isa = PBXGroup;
			children = (
				13BC7AAF28243760007FD03D /* Logado */,
				13BC7AAE28243754007FD03D /* Register */,
				13BC7AAD2824373D007FD03D /* HomeLogin */,
				13BC7A99282436F7007FD03D /* AppDelegate.swift */,
				13BC7A9B282436F7007FD03D /* SceneDelegate.swift */,
				13BC7A9F282436F7007FD03D /* Main.storyboard */,
				13BC7AA2282436F8007FD03D /* Assets.xcassets */,
				13BC7AA4282436F8007FD03D /* LaunchScreen.storyboard */,
				13BC7AA7282436F8007FD03D /* Info.plist */,
			);
			path = TelaLoginCorrigida;
			sourceTree = "<group>";
		};
		13BC7AAD2824373D007FD03D /* HomeLogin */ = {
			isa = PBXGroup;
			children = (
				13BC7AB2282437BC007FD03D /* Model */,
				13BC7AB0282437A4007FD03D /* View */,
				13BC7AB1282437B3007FD03D /* Controller */,
			);
			path = HomeLogin;
			sourceTree = "<group>";
		};
		13BC7AAE28243754007FD03D /* Register */ = {
			isa = PBXGroup;
			children = (
				1389CD7F2824435F006E0FAF /* Model */,
				1389CD7E28244358006E0FAF /* View */,
				1389CD7D2824434E006E0FAF /* Controller */,
			);
			path = Register;
			sourceTree = "<group>";
		};
		13BC7AAF28243760007FD03D /* Logado */ = {
			isa = PBXGroup;
			children = (
				1389CD862824483B006E0FAF /* Cell */,
				1389CD7828243DC4006E0FAF /* Model */,
				1389CD7928243DCC006E0FAF /* View */,
				1389CD7A28243DD4006E0FAF /* Controller */,
			);
			path = Logado;
			sourceTree = "<group>";
		};
		13BC7AB0282437A4007FD03D /* View */ = {
			isa = PBXGroup;
			children = (
				13BC7A9D282436F7007FD03D /* HomeView.swift */,
			);
			path = View;
			sourceTree = "<group>";
		};
		13BC7AB1282437B3007FD03D /* Controller */ = {
			isa = PBXGroup;
			children = (
				13BC7AB328243829007FD03D /* HomeController.swift */,
			);
			path = Controller;
			sourceTree = "<group>";
		};
		13BC7AB2282437BC007FD03D /* Model */ = {
			isa = PBXGroup;
			children = (
				13BC7AB62824384E007FD03D /* HomeModel.swift */,
			);
			path = Model;
			sourceTree = "<group>";
		};
/* End PBXGroup section */

/* Begin PBXNativeTarget section */
		13BC7A95282436F7007FD03D /* TelaLoginCorrigida */ = {
			isa = PBXNativeTarget;
			buildConfigurationList = 13BC7AAA282436F8007FD03D /* Build configuration list for PBXNativeTarget "TelaLoginCorrigida" */;
			buildPhases = (
				13BC7A92282436F7007FD03D /* Sources */,
				13BC7A93282436F7007FD03D /* Frameworks */,
				13BC7A94282436F7007FD03D /* Resources */,
			);
			buildRules = (
			);
			dependencies = (
			);
			name = TelaLoginCorrigida;
			productName = TelaLoginCorrigida;
			productReference = 13BC7A96282436F7007FD03D /* TelaLoginCorrigida.app */;
			productType = "com.apple.product-type.application";
		};
/* End PBXNativeTarget section */

/* Begin PBXProject section */
		13BC7A8E282436F7007FD03D /* Project object */ = {
			isa = PBXProject;
			attributes = {
				BuildIndependentTargetsInParallel = 1;
				LastSwiftUpdateCheck = 1330;
				LastUpgradeCheck = 1330;
				TargetAttributes = {
					13BC7A95282436F7007FD03D = {
						CreatedOnToolsVersion = 13.3.1;
					};
				};
			};
			buildConfigurationList = 13BC7A91282436F7007FD03D /* Build configuration list for PBXProject "TelaLoginCorrigida" */;
			compatibilityVersion = "Xcode 13.0";
			developmentRegion = en;
			hasScannedForEncodings = 0;
			knownRegions = (
				en,
				Base,
			);
			mainGroup = 13BC7A8D282436F7007FD03D;
			productRefGroup = 13BC7A97282436F7007FD03D /* Products */;
			projectDirPath = "";
			projectRoot = "";
			targets = (
				13BC7A95282436F7007FD03D /* TelaLoginCorrigida */,
			);
		};
/* End PBXProject section */

/* Begin PBXResourcesBuildPhase section */
		13BC7A94282436F7007FD03D /* Resources */ = {
			isa = PBXResourcesBuildPhase;
			buildActionMask = 2147483647;
			files = (
				1389CD8528244824006E0FAF /* CustomCardCell.xib in Resources */,
				13BC7AA6282436F8007FD03D /* LaunchScreen.storyboard in Resources */,
				13BC7AA3282436F8007FD03D /* Assets.xcassets in Resources */,
				13BC7AA1282436F7007FD03D /* Main.storyboard in Resources */,
			);
			runOnlyForDeploymentPostprocessing = 0;
		};
/* End PBXResourcesBuildPhase section */

/* Begin PBXSourcesBuildPhase section */
		13BC7A92282436F7007FD03D /* Sources */ = {
			isa = PBXSourcesBuildPhase;
			buildActionMask = 2147483647;
			files = (
				13BC7AB428243829007FD03D /* HomeController.swift in Sources */,
				13BC7A9E282436F7007FD03D /* HomeView.swift in Sources */,
				13BC7A9A282436F7007FD03D /* AppDelegate.swift in Sources */,
				1389CD812824438D006E0FAF /* RegisterView.swift in Sources */,
				1389CD8428244824006E0FAF /* CustomCardCell.swift in Sources */,
				13BC7AB72824384E007FD03D /* HomeModel.swift in Sources */,
				1389CD8A28244E30006E0FAF /* RegisterModel.swift in Sources */,
				1389CD7C28243E18006E0FAF /* LogadoView.swift in Sources */,
				13BC7A9C282436F7007FD03D /* SceneDelegate.swift in Sources */,
				1389CD8828244E1D006E0FAF /* RegisterController.swift in Sources */,
			);
			runOnlyForDeploymentPostprocessing = 0;
		};
/* End PBXSourcesBuildPhase section */

/* Begin PBXVariantGroup section */
		13BC7A9F282436F7007FD03D /* Main.storyboard */ = {
			isa = PBXVariantGroup;
			children = (
				13BC7AA0282436F7007FD03D /* Base */,
			);
			name = Main.storyboard;
			sourceTree = "<group>";
		};
		13BC7AA4282436F8007FD03D /* LaunchScreen.storyboard */ = {
			isa = PBXVariantGroup;
			children = (
				13BC7AA5282436F8007FD03D /* Base */,
			);
			name = LaunchScreen.storyboard;
			sourceTree = "<group>";
		};
/* End PBXVariantGroup section */

/* Begin XCBuildConfiguration section */
		13BC7AA8282436F8007FD03D /* Debug */ = {
			isa = XCBuildConfiguration;
			buildSettings = {
				ALWAYS_SEARCH_USER_PATHS = NO;
				CLANG_ANALYZER_NONNULL = YES;
				CLANG_ANALYZER_NUMBER_OBJECT_CONVERSION = YES_AGGRESSIVE;
				CLANG_CXX_LANGUAGE_STANDARD = "gnu++17";
				CLANG_ENABLE_MODULES = YES;
				CLANG_ENABLE_OBJC_ARC = YES;
				CLANG_ENABLE_OBJC_WEAK = YES;
				CLANG_WARN_BLOCK_CAPTURE_AUTORELEASING = YES;
				CLANG_WARN_BOOL_CONVERSION = YES;
				CLANG_WARN_COMMA = YES;
				CLANG_WARN_CONSTANT_CONVERSION = YES;
				CLANG_WARN_DEPRECATED_OBJC_IMPLEMENTATIONS = YES;
				CLANG_WARN_DIRECT_OBJC_ISA_USAGE = YES_ERROR;
				CLANG_WARN_DOCUMENTATION_COMMENTS = YES;
				CLANG_WARN_EMPTY_BODY = YES;
				CLANG_WARN_ENUM_CONVERSION = YES;
				CLANG_WARN_INFINITE_RECURSION = YES;
				CLANG_WARN_INT_CONVERSION = YES;
				CLANG_WARN_NON_LITERAL_NULL_CONVERSION = YES;
				CLANG_WARN_OBJC_IMPLICIT_RETAIN_SELF = YES;
				CLANG_WARN_OBJC_LITERAL_CONVERSION = YES;
				CLANG_WARN_OBJC_ROOT_CLASS = YES_ERROR;
				CLANG_WARN_QUOTED_INCLUDE_IN_FRAMEWORK_HEADER = YES;
				CLANG_WARN_RANGE_LOOP_ANALYSIS = YES;
				CLANG_WARN_STRICT_PROTOTYPES = YES;
				CLANG_WARN_SUSPICIOUS_MOVE = YES;
				CLANG_WARN_UNGUARDED_AVAILABILITY = YES_AGGRESSIVE;
				CLANG_WARN_UNREACHABLE_CODE = YES;
				CLANG_WARN__DUPLICATE_METHOD_MATCH = YES;
				COPY_PHASE_STRIP = NO;
				DEBUG_INFORMATION_FORMAT = dwarf;
				ENABLE_STRICT_OBJC_MSGSEND = YES;
				ENABLE_TESTABILITY = YES;
				GCC_C_LANGUAGE_STANDARD = gnu11;
				GCC_DYNAMIC_NO_PIC = NO;
				GCC_NO_COMMON_BLOCKS = YES;
				GCC_OPTIMIZATION_LEVEL = 0;
				GCC_PREPROCESSOR_DEFINITIONS = (
					"DEBUG=1",
					"$(inherited)",
				);
				GCC_WARN_64_TO_32_BIT_CONVERSION = YES;
				GCC_WARN_ABOUT_RETURN_TYPE = YES_ERROR;
				GCC_WARN_UNDECLARED_SELECTOR = YES;
				GCC_WARN_UNINITIALIZED_AUTOS = YES_AGGRESSIVE;
				GCC_WARN_UNUSED_FUNCTION = YES;
				GCC_WARN_UNUSED_VARIABLE = YES;
				IPHONEOS_DEPLOYMENT_TARGET = 15.4;
				MTL_ENABLE_DEBUG_INFO = INCLUDE_SOURCE;
				MTL_FAST_MATH = YES;
				ONLY_ACTIVE_ARCH = YES;
				SDKROOT = iphoneos;
				SWIFT_ACTIVE_COMPILATION_CONDITIONS = DEBUG;
				SWIFT_OPTIMIZATION_LEVEL = "-Onone";
			};
			name = Debug;
		};
		13BC7AA9282436F8007FD03D /* Release */ = {
			isa = XCBuildConfiguration;
			buildSettings = {
				ALWAYS_SEARCH_USER_PATHS = NO;
				CLANG_ANALYZER_NONNULL = YES;
				CLANG_ANALYZER_NUMBER_OBJECT_CONVERSION = YES_AGGRESSIVE;
				CLANG_CXX_LANGUAGE_STANDARD = "gnu++17";
				CLANG_ENABLE_MODULES = YES;
				CLANG_ENABLE_OBJC_ARC = YES;
				CLANG_ENABLE_OBJC_WEAK = YES;
				CLANG_WARN_BLOCK_CAPTURE_AUTORELEASING = YES;
				CLANG_WARN_BOOL_CONVERSION = YES;
				CLANG_WARN_COMMA = YES;
				CLANG_WARN_CONSTANT_CONVERSION = YES;
				CLANG_WARN_DEPRECATED_OBJC_IMPLEMENTATIONS = YES;
				CLANG_WARN_DIRECT_OBJC_ISA_USAGE = YES_ERROR;
				CLANG_WARN_DOCUMENTATION_COMMENTS = YES;
				CLANG_WARN_EMPTY_BODY = YES;
				CLANG_WARN_ENUM_CONVERSION = YES;
				CLANG_WARN_INFINITE_RECURSION = YES;
				CLANG_WARN_INT_CONVERSION = YES;
				CLANG_WARN_NON_LITERAL_NULL_CONVERSION = YES;
				CLANG_WARN_OBJC_IMPLICIT_RETAIN_SELF = YES;
				CLANG_WARN_OBJC_LITERAL_CONVERSION = YES;
				CLANG_WARN_OBJC_ROOT_CLASS = YES_ERROR;
				CLANG_WARN_QUOTED_INCLUDE_IN_FRAMEWORK_HEADER = YES;
				CLANG_WARN_RANGE_LOOP_ANALYSIS = YES;
				CLANG_WARN_STRICT_PROTOTYPES = YES;
				CLANG_WARN_SUSPICIOUS_MOVE = YES;
				CLANG_WARN_UNGUARDED_AVAILABILITY = YES_AGGRESSIVE;
				CLANG_WARN_UNREACHABLE_CODE = YES;
				CLANG_WARN__DUPLICATE_METHOD_MATCH = YES;
				COPY_PHASE_STRIP = NO;
				DEBUG_INFORMATION_FORMAT = "dwarf-with-dsym";
				ENABLE_NS_ASSERTIONS = NO;
				ENABLE_STRICT_OBJC_MSGSEND = YES;
				GCC_C_LANGUAGE_STANDARD = gnu11;
				GCC_NO_COMMON_BLOCKS = YES;
				GCC_WARN_64_TO_32_BIT_CONVERSION = YES;
				GCC_WARN_ABOUT_RETURN_TYPE = YES_ERROR;
				GCC_WARN_UNDECLARED_SELECTOR = YES;
				GCC_WARN_UNINITIALIZED_AUTOS = YES_AGGRESSIVE;
				GCC_WARN_UNUSED_FUNCTION = YES;
				GCC_WARN_UNUSED_VARIABLE = YES;
				IPHONEOS_DEPLOYMENT_TARGET = 15.4;
				MTL_ENABLE_DEBUG_INFO = NO;
				MTL_FAST_MATH = YES;
				SDKROOT = iphoneos;
				SWIFT_COMPILATION_MODE = wholemodule;
				SWIFT_OPTIMIZATION_LEVEL = "-O";
				VALIDATE_PRODUCT = YES;
			};
			name = Release;
		};
		13BC7AAB282436F8007FD03D /* Debug */ = {
			isa = XCBuildConfiguration;
			buildSettings = {
				ASSETCATALOG_COMPILER_APPICON_NAME = AppIcon;
				ASSETCATALOG_COMPILER_GLOBAL_ACCENT_COLOR_NAME = AccentColor;
				CODE_SIGN_STYLE = Automatic;
				CURRENT_PROJECT_VERSION = 1;
				GENERATE_INFOPLIST_FILE = YES;
				INFOPLIST_FILE = TelaLoginCorrigida/Info.plist;
				INFOPLIST_KEY_UIApplicationSupportsIndirectInputEvents = YES;
				INFOPLIST_KEY_UILaunchStoryboardName = LaunchScreen;
				INFOPLIST_KEY_UIMainStoryboardFile = Main;
				INFOPLIST_KEY_UISupportedInterfaceOrientations_iPad = "UIInterfaceOrientationPortrait UIInterfaceOrientationPortraitUpsideDown UIInterfaceOrientationLandscapeLeft UIInterfaceOrientationLandscapeRight";
				INFOPLIST_KEY_UISupportedInterfaceOrientations_iPhone = "UIInterfaceOrientationPortrait UIInterfaceOrientationLandscapeLeft UIInterfaceOrientationLandscapeRight";
				LD_RUNPATH_SEARCH_PATHS = (
					"$(inherited)",
					"@executable_path/Frameworks",
				);
				MARKETING_VERSION = 1.0;
				PRODUCT_BUNDLE_IDENTIFIER = "Pedro-Ivo-Aquino.TelaLoginCorrigida";
				PRODUCT_NAME = "$(TARGET_NAME)";
				SWIFT_EMIT_LOC_STRINGS = YES;
				SWIFT_VERSION = 5.0;
				TARGETED_DEVICE_FAMILY = 1;
			};
			name = Debug;
		};
		13BC7AAC282436F8007FD03D /* Release */ = {
			isa = XCBuildConfiguration;
			buildSettings = {
				ASSETCATALOG_COMPILER_APPICON_NAME = AppIcon;
				ASSETCATALOG_COMPILER_GLOBAL_ACCENT_COLOR_NAME = AccentColor;
				CODE_SIGN_STYLE = Automatic;
				CURRENT_PROJECT_VERSION = 1;
				GENERATE_INFOPLIST_FILE = YES;
				INFOPLIST_FILE = TelaLoginCorrigida/Info.plist;
				INFOPLIST_KEY_UIApplicationSupportsIndirectInputEvents = YES;
				INFOPLIST_KEY_UILaunchStoryboardName = LaunchScreen;
				INFOPLIST_KEY_UIMainStoryboardFile = Main;
				INFOPLIST_KEY_UISupportedInterfaceOrientations_iPad = "UIInterfaceOrientationPortrait UIInterfaceOrientationPortraitUpsideDown UIInterfaceOrientationLandscapeLeft UIInterfaceOrientationLandscapeRight";
				INFOPLIST_KEY_UISupportedInterfaceOrientations_iPhone = "UIInterfaceOrientationPortrait UIInterfaceOrientationLandscapeLeft UIInterfaceOrientationLandscapeRight";
				LD_RUNPATH_SEARCH_PATHS = (
					"$(inherited)",
					"@executable_path/Frameworks",
				);
				MARKETING_VERSION = 1.0;
				PRODUCT_BUNDLE_IDENTIFIER = "Pedro-Ivo-Aquino.TelaLoginCorrigida";
				PRODUCT_NAME = "$(TARGET_NAME)";
				SWIFT_EMIT_LOC_STRINGS = YES;
				SWIFT_VERSION = 5.0;
				TARGETED_DEVICE_FAMILY = 1;
			};
			name = Release;
		};
/* End XCBuildConfiguration section */

/* Begin XCConfigurationList section */
		13BC7A91282436F7007FD03D /* Build configuration list for PBXProject "TelaLoginCorrigida" */ = {
			isa = XCConfigurationList;
			buildConfigurations = (
				13BC7AA8282436F8007FD03D /* Debug */,
				13BC7AA9282436F8007FD03D /* Release */,
			);
			defaultConfigurationIsVisible = 0;
			defaultConfigurationName = Release;
		};
		13BC7AAA282436F8007FD03D /* Build configuration list for PBXNativeTarget "TelaLoginCorrigida" */ = {
			isa = XCConfigurationList;
			buildConfigurations = (
				13BC7AAB282436F8007FD03D /* Debug */,
				13BC7AAC282436F8007FD03D /* Release */,
			);
			defaultConfigurationIsVisible = 0;
			defaultConfigurationName = Release;
		};
/* End XCConfigurationList section */
	};
	rootObject = 13BC7A8E282436F7007FD03D /* Project object */;
}
